// !$*UTF8*$!
{
	archiveVersion = 1;
	classes = {
	};
	objectVersion = 77;
	objects = {

/* Begin PBXContainerItemProxy section */
		99BC2FDA2DC9DCD000E1BEA6 /* PBXContainerItemProxy */ = {
			isa = PBXContainerItemProxy;
			containerPortal = 99BC2FB82DC9DCCB00E1BEA6 /* Project object */;
			proxyType = 1;
			remoteGlobalIDString = 99BC2FBF2DC9DCCC00E1BEA6;
			remoteInfo = BidCast;
		};
		99BC2FE42DC9DCD000E1BEA6 /* PBXContainerItemProxy */ = {
			isa = PBXContainerItemProxy;
			containerPortal = 99BC2FB82DC9DCCB00E1BEA6 /* Project object */;
			proxyType = 1;
			remoteGlobalIDString = 99BC2FBF2DC9DCCC00E1BEA6;
			remoteInfo = BidCast;
		};
/* End PBXContainerItemProxy section */

/* Begin PBXFileReference section */
		99BC2FC02DC9DCCC00E1BEA6 /* BidCast.app */ = {isa = PBXFileReference; explicitFileType = wrapper.application; includeInIndex = 0; path = BidCast.app; sourceTree = BUILT_PRODUCTS_DIR; };
		99BC2FD92DC9DCD000E1BEA6 /* BidCastTests.xctest */ = {isa = PBXFileReference; explicitFileType = wrapper.cfbundle; includeInIndex = 0; path = BidCastTests.xctest; sourceTree = BUILT_PRODUCTS_DIR; };
		99BC2FE32DC9DCD000E1BEA6 /* BidCastUITests.xctest */ = {isa = PBXFileReference; explicitFileType = wrapper.cfbundle; includeInIndex = 0; path = BidCastUITests.xctest; sourceTree = BUILT_PRODUCTS_DIR; };
/* End PBXFileReference section */

/* Begin PBXFileSystemSynchronizedBuildFileExceptionSet section */
		99BC2FEB2DC9DCD000E1BEA6 /* Exceptions for "BidCast" folder in "BidCast" target */ = {
			isa = PBXFileSystemSynchronizedBuildFileExceptionSet;
			membershipExceptions = (
				Info.plist,
			);
			target = 99BC2FBF2DC9DCCC00E1BEA6 /* BidCast */;
		};
/* End PBXFileSystemSynchronizedBuildFileExceptionSet section */

/* Begin PBXFileSystemSynchronizedRootGroup section */
		99BC2FC22DC9DCCC00E1BEA6 /* BidCast */ = {
			isa = PBXFileSystemSynchronizedRootGroup;
			exceptions = (
				99BC2FEB2DC9DCD000E1BEA6 /* Exceptions for "BidCast" folder in "BidCast" target */,
			);
			path = BidCast;
			sourceTree = "<group>";
		};
		99BC2FDC2DC9DCD000E1BEA6 /* BidCastTests */ = {
			isa = PBXFileSystemSynchronizedRootGroup;
			path = BidCastTests;
			sourceTree = "<group>";
		};
		99BC2FE62DC9DCD000E1BEA6 /* BidCastUITests */ = {
			isa = PBXFileSystemSynchronizedRootGroup;
			path = BidCastUITests;
			sourceTree = "<group>";
		};
/* End PBXFileSystemSynchronizedRootGroup section */

/* Begin PBXFrameworksBuildPhase section */
		99BC2FBD2DC9DCCC00E1BEA6 /* Frameworks */ = {
			isa = PBXFrameworksBuildPhase;
			buildActionMask = 2147483647;
			files = (
			);
			runOnlyForDeploymentPostprocessing = 0;
		};
		99BC2FD62DC9DCD000E1BEA6 /* Frameworks */ = {
			isa = PBXFrameworksBuildPhase;
			buildActionMask = 2147483647;
			files = (
			);
			runOnlyForDeploymentPostprocessing = 0;
		};
		99BC2FE02DC9DCD000E1BEA6 /* Frameworks */ = {
			isa = PBXFrameworksBuildPhase;
			buildActionMask = 2147483647;
			files = (
			);
			runOnlyForDeploymentPostprocessing = 0;
		};
/* End PBXFrameworksBuildPhase section */

/* Begin PBXGroup section */
		99BC2FB72DC9DCCB00E1BEA6 = {
			isa = PBXGroup;
			children = (
				99BC2FC22DC9DCCC00E1BEA6 /* BidCast */,
				99BC2FDC2DC9DCD000E1BEA6 /* BidCastTests */,
				99BC2FE62DC9DCD000E1BEA6 /* BidCastUITests */,
				99BC2FC12DC9DCCC00E1BEA6 /* Products */,
			);
			sourceTree = "<group>";
		};
		99BC2FC12DC9DCCC00E1BEA6 /* Products */ = {
			isa = PBXGroup;
			children = (
				99BC2FC02DC9DCCC00E1BEA6 /* BidCast.app */,
				99BC2FD92DC9DCD000E1BEA6 /* BidCastTests.xctest */,
				99BC2FE32DC9DCD000E1BEA6 /* BidCastUITests.xctest */,
			);
			name = Products;
			sourceTree = "<group>";
		};
/* End PBXGroup section */

/* Begin PBXNativeTarget section */
		99BC2FBF2DC9DCCC00E1BEA6 /* BidCast */ = {
			isa = PBXNativeTarget;
			buildConfigurationList = 99BC2FEC2DC9DCD000E1BEA6 /* Build configuration list for PBXNativeTarget "BidCast" */;
			buildPhases = (
				99BC2FBC2DC9DCCC00E1BEA6 /* Sources */,
				99BC2FBD2DC9DCCC00E1BEA6 /* Frameworks */,
				99BC2FBE2DC9DCCC00E1BEA6 /* Resources */,
			);
			buildRules = (
			);
			dependencies = (
			);
			fileSystemSynchronizedGroups = (
				99BC2FC22DC9DCCC00E1BEA6 /* BidCast */,
			);
			name = BidCast;
			packageProductDependencies = (
			);
			productName = BidCast;
			productReference = 99BC2FC02DC9DCCC00E1BEA6 /* BidCast.app */;
			productType = "com.apple.product-type.application";
		};
		99BC2FD82DC9DCD000E1BEA6 /* BidCastTests */ = {
			isa = PBXNativeTarget;
			buildConfigurationList = 99BC2FF12DC9DCD000E1BEA6 /* Build configuration list for PBXNativeTarget "BidCastTests" */;
			buildPhases = (
				99BC2FD52DC9DCD000E1BEA6 /* Sources */,
				99BC2FD62DC9DCD000E1BEA6 /* Frameworks */,
				99BC2FD72DC9DCD000E1BEA6 /* Resources */,
			);
			buildRules = (
			);
			dependencies = (
				99BC2FDB2DC9DCD000E1BEA6 /* PBXTargetDependency */,
			);
			fileSystemSynchronizedGroups = (
				99BC2FDC2DC9DCD000E1BEA6 /* BidCastTests */,
			);
			name = BidCastTests;
			packageProductDependencies = (
			);
			productName = BidCastTests;
			productReference = 99BC2FD92DC9DCD000E1BEA6 /* BidCastTests.xctest */;
			productType = "com.apple.product-type.bundle.unit-test";
		};
		99BC2FE22DC9DCD000E1BEA6 /* BidCastUITests */ = {
			isa = PBXNativeTarget;
			buildConfigurationList = 99BC2FF42DC9DCD000E1BEA6 /* Build configuration list for PBXNativeTarget "BidCastUITests" */;
			buildPhases = (
				99BC2FDF2DC9DCD000E1BEA6 /* Sources */,
				99BC2FE02DC9DCD000E1BEA6 /* Frameworks */,
				99BC2FE12DC9DCD000E1BEA6 /* Resources */,
			);
			buildRules = (
			);
			dependencies = (
				99BC2FE52DC9DCD000E1BEA6 /* PBXTargetDependency */,
			);
			fileSystemSynchronizedGroups = (
				99BC2FE62DC9DCD000E1BEA6 /* BidCastUITests */,
			);
			name = BidCastUITests;
			packageProductDependencies = (
			);
			productName = BidCastUITests;
			productReference = 99BC2FE32DC9DCD000E1BEA6 /* BidCastUITests.xctest */;
			productType = "com.apple.product-type.bundle.ui-testing";
		};
/* End PBXNativeTarget section */

/* Begin PBXProject section */
		99BC2FB82DC9DCCB00E1BEA6 /* Project object */ = {
			isa = PBXProject;
			attributes = {
				BuildIndependentTargetsInParallel = 1;
				LastSwiftUpdateCheck = 1630;
				LastUpgradeCheck = 1630;
				TargetAttributes = {
					99BC2FBF2DC9DCCC00E1BEA6 = {
						CreatedOnToolsVersion = 16.3;
					};
					99BC2FD82DC9DCD000E1BEA6 = {
						CreatedOnToolsVersion = 16.3;
						TestTargetID = 99BC2FBF2DC9DCCC00E1BEA6;
					};
					99BC2FE22DC9DCD000E1BEA6 = {
						CreatedOnToolsVersion = 16.3;
						TestTargetID = 99BC2FBF2DC9DCCC00E1BEA6;
					};
				};
			};
			buildConfigurationList = 99BC2FBB2DC9DCCB00E1BEA6 /* Build configuration list for PBXProject "BidCast" */;
			developmentRegion = en;
			hasScannedForEncodings = 0;
			knownRegions = (
				en,
				Base,
			);
			mainGroup = 99BC2FB72DC9DCCB00E1BEA6;
			minimizedProjectReferenceProxies = 1;
			preferredProjectObjectVersion = 77;
			productRefGroup = 99BC2FC12DC9DCCC00E1BEA6 /* Products */;
			projectDirPath = "";
			projectRoot = "";
			targets = (
				99BC2FBF2DC9DCCC00E1BEA6 /* BidCast */,
				99BC2FD82DC9DCD000E1BEA6 /* BidCastTests */,
				99BC2FE22DC9DCD000E1BEA6 /* BidCastUITests */,
			);
		};
/* End PBXProject section */

/* Begin PBXResourcesBuildPhase section */
		99BC2FBE2DC9DCCC00E1BEA6 /* Resources */ = {
			isa = PBXResourcesBuildPhase;
			buildActionMask = 2147483647;
			files = (
			);
			runOnlyForDeploymentPostprocessing = 0;
		};
		99BC2FD72DC9DCD000E1BEA6 /* Resources */ = {
			isa = PBXResourcesBuildPhase;
			buildActionMask = 2147483647;
			files = (
			);
			runOnlyForDeploymentPostprocessing = 0;
		};
		99BC2FE12DC9DCD000E1BEA6 /* Resources */ = {
			isa = PBXResourcesBuildPhase;
			buildActionMask = 2147483647;
			files = (
			);
			runOnlyForDeploymentPostprocessing = 0;
		};
/* End PBXResourcesBuildPhase section */

/* Begin PBXSourcesBuildPhase section */
		99BC2FBC2DC9DCCC00E1BEA6 /* Sources */ = {
			isa = PBXSourcesBuildPhase;
			buildActionMask = 2147483647;
			files = (
			);
			runOnlyForDeploymentPostprocessing = 0;
		};
		99BC2FD52DC9DCD000E1BEA6 /* Sources */ = {
			isa = PBXSourcesBuildPhase;
			buildActionMask = 2147483647;
			files = (
			);
			runOnlyForDeploymentPostprocessing = 0;
		};
		99BC2FDF2DC9DCD000E1BEA6 /* Sources */ = {
			isa = PBXSourcesBuildPhase;
			buildActionMask = 2147483647;
			files = (
			);
			runOnlyForDeploymentPostprocessing = 0;
		};
/* End PBXSourcesBuildPhase section */

/* Begin PBXTargetDependency section */
		99BC2FDB2DC9DCD000E1BEA6 /* PBXTargetDependency */ = {
			isa = PBXTargetDependency;
			target = 99BC2FBF2DC9DCCC00E1BEA6 /* BidCast */;
			targetProxy = 99BC2FDA2DC9DCD000E1BEA6 /* PBXContainerItemProxy */;
		};
		99BC2FE52DC9DCD000E1BEA6 /* PBXTargetDependency */ = {
			isa = PBXTargetDependency;
			target = 99BC2FBF2DC9DCCC00E1BEA6 /* BidCast */;
			targetProxy = 99BC2FE42DC9DCD000E1BEA6 /* PBXContainerItemProxy */;
		};
/* End PBXTargetDependency section */

/* Begin XCBuildConfiguration section */
		99BC2FED2DC9DCD000E1BEA6 /* Debug */ = {
			isa = XCBuildConfiguration;
			buildSettings = {
				ASSETCATALOG_COMPILER_APPICON_NAME = AppIcon;
				ASSETCATALOG_COMPILER_GLOBAL_ACCENT_COLOR_NAME = AccentColor;
				CODE_SIGN_STYLE = Automatic;
				CURRENT_PROJECT_VERSION = 1;
				DEVELOPMENT_TEAM = YQGQU3RV34;
				GENERATE_INFOPLIST_FILE = YES;
				INFOPLIST_FILE = BidCast/Info.plist;
				INFOPLIST_KEY_UIApplicationSupportsIndirectInputEvents = YES;
				INFOPLIST_KEY_UILaunchStoryboardName = LaunchScreen;
				INFOPLIST_KEY_UIMainStoryboardFile = Main;
				INFOPLIST_KEY_UISupportedInterfaceOrientations_iPad = "UIInterfaceOrientationPortrait UIInterfaceOrientationPortraitUpsideDown UIInterfaceOrientationLandscapeLeft UIInterfaceOrientationLandscapeRight";
				INFOPLIST_KEY_UISupportedInterfaceOrientations_iPhone = "UIInterfaceOrientationPortrait UIInterfaceOrientationLandscapeLeft UIInterfaceOrientationLandscapeRight";
				LD_RUNPATH_SEARCH_PATHS = (
					"$(inherited)",
					"@executable_path/Frameworks",
				);
				MARKETING_VERSION = 1.0;
				PRODUCT_BUNDLE_IDENTIFIER = io.BidCast;
				PRODUCT_NAME = "$(TARGET_NAME)";
				SWIFT_EMIT_LOC_STRINGS = YES;
				SWIFT_VERSION = 5.0;
				TARGETED_DEVICE_FAMILY = "1,2";
			};
			name = Debug;
		};
		99BC2FEE2DC9DCD000E1BEA6 /* Release */ = {
			isa = XCBuildConfiguration;
			buildSettings = {
				ASSETCATALOG_COMPILER_APPICON_NAME = AppIcon;
				ASSETCATALOG_COMPILER_GLOBAL_ACCENT_COLOR_NAME = AccentColor;
				CODE_SIGN_STYLE = Automatic;
				CURRENT_PROJECT_VERSION = 1;
				DEVELOPMENT_TEAM = YQGQU3RV34;
				GENERATE_INFOPLIST_FILE = YES;
				INFOPLIST_FILE = BidCast/Info.plist;
				INFOPLIST_KEY_UIApplicationSupportsIndirectInputEvents = YES;
				INFOPLIST_KEY_UILaunchStoryboardName = LaunchScreen;
				INFOPLIST_KEY_UIMainStoryboardFile = Main;
				INFOPLIST_KEY_UISupportedInterfaceOrientations_iPad = "UIInterfaceOrientationPortrait UIInterfaceOrientationPortraitUpsideDown UIInterfaceOrientationLandscapeLeft UIInterfaceOrientationLandscapeRight";
				INFOPLIST_KEY_UISupportedInterfaceOrientations_iPhone = "UIInterfaceOrientationPortrait UIInterfaceOrientationLandscapeLeft UIInterfaceOrientationLandscapeRight";
				LD_RUNPATH_SEARCH_PATHS = (
					"$(inherited)",
					"@executable_path/Frameworks",
				);
				MARKETING_VERSION = 1.0;
				PRODUCT_BUNDLE_IDENTIFIER = io.BidCast;
				PRODUCT_NAME = "$(TARGET_NAME)";
				SWIFT_EMIT_LOC_STRINGS = YES;
				SWIFT_VERSION = 5.0;
				TARGETED_DEVICE_FAMILY = "1,2";
			};
			name = Release;
		};
		99BC2FEF2DC9DCD000E1BEA6 /* Debug */ = {
			isa = XCBuildConfiguration;
			buildSettings = {
				ALWAYS_SEARCH_USER_PATHS = NO;
				ASSETCATALOG_COMPILER_GENERATE_SWIFT_ASSET_SYMBOL_EXTENSIONS = YES;
				CLANG_ANALYZER_NONNULL = YES;
				CLANG_ANALYZER_NUMBER_OBJECT_CONVERSION = YES_AGGRESSIVE;
				CLANG_CXX_LANGUAGE_STANDARD = "gnu++20";
				CLANG_ENABLE_MODULES = YES;
				CLANG_ENABLE_OBJC_ARC = YES;
				CLANG_ENABLE_OBJC_WEAK = YES;
				CLANG_WARN_BLOCK_CAPTURE_AUTORELEASING = YES;
				CLANG_WARN_BOOL_CONVERSION = YES;
				CLANG_WARN_COMMA = YES;
				CLANG_WARN_CONSTANT_CONVERSION = YES;
				CLANG_WARN_DEPRECATED_OBJC_IMPLEMENTATIONS = YES;
				CLANG_WARN_DIRECT_OBJC_ISA_USAGE = YES_ERROR;
				CLANG_WARN_DOCUMENTATION_COMMENTS = YES;
				CLANG_WARN_EMPTY_BODY = YES;
				CLANG_WARN_ENUM_CONVERSION = YES;
				CLANG_WARN_INFINITE_RECURSION = YES;
				CLANG_WARN_INT_CONVERSION = YES;
				CLANG_WARN_NON_LITERAL_NULL_CONVERSION = YES;
				CLANG_WARN_OBJC_IMPLICIT_RETAIN_SELF = YES;
				CLANG_WARN_OBJC_LITERAL_CONVERSION = YES;
				CLANG_WARN_OBJC_ROOT_CLASS = YES_ERROR;
				CLANG_WARN_QUOTED_INCLUDE_IN_FRAMEWORK_HEADER = YES;
				CLANG_WARN_RANGE_LOOP_ANALYSIS = YES;
				CLANG_WARN_STRICT_PROTOTYPES = YES;
				CLANG_WARN_SUSPICIOUS_MOVE = YES;
				CLANG_WARN_UNGUARDED_AVAILABILITY = YES_AGGRESSIVE;
				CLANG_WARN_UNREACHABLE_CODE = YES;
				CLANG_WARN__DUPLICATE_METHOD_MATCH = YES;
				COPY_PHASE_STRIP = NO;
				DEBUG_INFORMATION_FORMAT = dwarf;
				DEVELOPMENT_TEAM = YQGQU3RV34;
				ENABLE_STRICT_OBJC_MSGSEND = YES;
				ENABLE_TESTABILITY = YES;
				ENABLE_USER_SCRIPT_SANDBOXING = YES;
				GCC_C_LANGUAGE_STANDARD = gnu17;
				GCC_DYNAMIC_NO_PIC = NO;
				GCC_NO_COMMON_BLOCKS = YES;
				GCC_OPTIMIZATION_LEVEL = 0;
				GCC_PREPROCESSOR_DEFINITIONS = (
					"DEBUG=1",
					"$(inherited)",
				);
				GCC_WARN_64_TO_32_BIT_CONVERSION = YES;
				GCC_WARN_ABOUT_RETURN_TYPE = YES_ERROR;
				GCC_WARN_UNDECLARED_SELECTOR = YES;
				GCC_WARN_UNINITIALIZED_AUTOS = YES_AGGRESSIVE;
				GCC_WARN_UNUSED_FUNCTION = YES;
				GCC_WARN_UNUSED_VARIABLE = YES;
				IPHONEOS_DEPLOYMENT_TARGET = 18.4;
				LOCALIZATION_PREFERS_STRING_CATALOGS = YES;
				MTL_ENABLE_DEBUG_INFO = INCLUDE_SOURCE;
				MTL_FAST_MATH = YES;
				ONLY_ACTIVE_ARCH = YES;
				SDKROOT = iphoneos;
				SWIFT_ACTIVE_COMPILATION_CONDITIONS = "DEBUG $(inherited)";
				SWIFT_OPTIMIZATION_LEVEL = "-Onone";
			};
			name = Debug;
		};
		99BC2FF02DC9DCD000E1BEA6 /* Release */ = {
			isa = XCBuildConfiguration;
			buildSettings = {
				ALWAYS_SEARCH_USER_PATHS = NO;
				ASSETCATALOG_COMPILER_GENERATE_SWIFT_ASSET_SYMBOL_EXTENSIONS = YES;
				CLANG_ANALYZER_NONNULL = YES;
				CLANG_ANALYZER_NUMBER_OBJECT_CONVERSION = YES_AGGRESSIVE;
				CLANG_CXX_LANGUAGE_STANDARD = "gnu++20";
				CLANG_ENABLE_MODULES = YES;
				CLANG_ENABLE_OBJC_ARC = YES;
				CLANG_ENABLE_OBJC_WEAK = YES;
				CLANG_WARN_BLOCK_CAPTURE_AUTORELEASING = YES;
				CLANG_WARN_BOOL_CONVERSION = YES;
				CLANG_WARN_COMMA = YES;
				CLANG_WARN_CONSTANT_CONVERSION = YES;
				CLANG_WARN_DEPRECATED_OBJC_IMPLEMENTATIONS = YES;
				CLANG_WARN_DIRECT_OBJC_ISA_USAGE = YES_ERROR;
				CLANG_WARN_DOCUMENTATION_COMMENTS = YES;
				CLANG_WARN_EMPTY_BODY = YES;
				CLANG_WARN_ENUM_CONVERSION = YES;
				CLANG_WARN_INFINITE_RECURSION = YES;
				CLANG_WARN_INT_CONVERSION = YES;
				CLANG_WARN_NON_LITERAL_NULL_CONVERSION = YES;
				CLANG_WARN_OBJC_IMPLICIT_RETAIN_SELF = YES;
				CLANG_WARN_OBJC_LITERAL_CONVERSION = YES;
				CLANG_WARN_OBJC_ROOT_CLASS = YES_ERROR;
				CLANG_WARN_QUOTED_INCLUDE_IN_FRAMEWORK_HEADER = YES;
				CLANG_WARN_RANGE_LOOP_ANALYSIS = YES;
				CLANG_WARN_STRICT_PROTOTYPES = YES;
				CLANG_WARN_SUSPICIOUS_MOVE = YES;
				CLANG_WARN_UNGUARDED_AVAILABILITY = YES_AGGRESSIVE;
				CLANG_WARN_UNREACHABLE_CODE = YES;
				CLANG_WARN__DUPLICATE_METHOD_MATCH = YES;
				COPY_PHASE_STRIP = NO;
				DEBUG_INFORMATION_FORMAT = "dwarf-with-dsym";
				DEVELOPMENT_TEAM = YQGQU3RV34;
				ENABLE_NS_ASSERTIONS = NO;
				ENABLE_STRICT_OBJC_MSGSEND = YES;
				ENABLE_USER_SCRIPT_SANDBOXING = YES;
				GCC_C_LANGUAGE_STANDARD = gnu17;
				GCC_NO_COMMON_BLOCKS = YES;
				GCC_WARN_64_TO_32_BIT_CONVERSION = YES;
				GCC_WARN_ABOUT_RETURN_TYPE = YES_ERROR;
				GCC_WARN_UNDECLARED_SELECTOR = YES;
				GCC_WARN_UNINITIALIZED_AUTOS = YES_AGGRESSIVE;
				GCC_WARN_UNUSED_FUNCTION = YES;
				GCC_WARN_UNUSED_VARIABLE = YES;
				IPHONEOS_DEPLOYMENT_TARGET = 18.4;
				LOCALIZATION_PREFERS_STRING_CATALOGS = YES;
				MTL_ENABLE_DEBUG_INFO = NO;
				MTL_FAST_MATH = YES;
				SDKROOT = iphoneos;
				SWIFT_COMPILATION_MODE = wholemodule;
				VALIDATE_PRODUCT = YES;
			};
			name = Release;
		};
		99BC2FF22DC9DCD000E1BEA6 /* Debug */ = {
			isa = XCBuildConfiguration;
			buildSettings = {
				BUNDLE_LOADER = "$(TEST_HOST)";
				CODE_SIGN_STYLE = Automatic;
				CURRENT_PROJECT_VERSION = 1;
				DEVELOPMENT_TEAM = YQGQU3RV34;
				GENERATE_INFOPLIST_FILE = YES;
				IPHONEOS_DEPLOYMENT_TARGET = 18.4;
				MARKETING_VERSION = 1.0;
				PRODUCT_BUNDLE_IDENTIFIER = io.BidCastTests;
				PRODUCT_NAME = "$(TARGET_NAME)";
				SWIFT_EMIT_LOC_STRINGS = NO;
				SWIFT_VERSION = 5.0;
				TARGETED_DEVICE_FAMILY = "1,2";
				TEST_HOST = "$(BUILT_PRODUCTS_DIR)/BidCast.app/$(BUNDLE_EXECUTABLE_FOLDER_PATH)/BidCast";
			};
			name = Debug;
		};
		99BC2FF32DC9DCD000E1BEA6 /* Release */ = {
			isa = XCBuildConfiguration;
			buildSettings = {
				BUNDLE_LOADER = "$(TEST_HOST)";
				CODE_SIGN_STYLE = Automatic;
				CURRENT_PROJECT_VERSION = 1;
				DEVELOPMENT_TEAM = YQGQU3RV34;
				GENERATE_INFOPLIST_FILE = YES;
				IPHONEOS_DEPLOYMENT_TARGET = 18.4;
				MARKETING_VERSION = 1.0;
				PRODUCT_BUNDLE_IDENTIFIER = io.BidCastTests;
				PRODUCT_NAME = "$(TARGET_NAME)";
				SWIFT_EMIT_LOC_STRINGS = NO;
				SWIFT_VERSION = 5.0;
				TARGETED_DEVICE_FAMILY = "1,2";
				TEST_HOST = "$(BUILT_PRODUCTS_DIR)/BidCast.app/$(BUNDLE_EXECUTABLE_FOLDER_PATH)/BidCast";
			};
			name = Release;
		};
		99BC2FF52DC9DCD000E1BEA6 /* Debug */ = {
			isa = XCBuildConfiguration;
			buildSettings = {
				CODE_SIGN_STYLE = Automatic;
				CURRENT_PROJECT_VERSION = 1;
				DEVELOPMENT_TEAM = YQGQU3RV34;
				GENERATE_INFOPLIST_FILE = YES;
				MARKETING_VERSION = 1.0;
				PRODUCT_BUNDLE_IDENTIFIER = io.BidCastUITests;
				PRODUCT_NAME = "$(TARGET_NAME)";
				SWIFT_EMIT_LOC_STRINGS = NO;
				SWIFT_VERSION = 5.0;
				TARGETED_DEVICE_FAMILY = "1,2";
				TEST_TARGET_NAME = BidCast;
			};
			name = Debug;
		};
		99BC2FF62DC9DCD000E1BEA6 /* Release */ = {
			isa = XCBuildConfiguration;
			buildSettings = {
				CODE_SIGN_STYLE = Automatic;
				CURRENT_PROJECT_VERSION = 1;
				DEVELOPMENT_TEAM = YQGQU3RV34;
				GENERATE_INFOPLIST_FILE = YES;
				MARKETING_VERSION = 1.0;
				PRODUCT_BUNDLE_IDENTIFIER = io.BidCastUITests;
				PRODUCT_NAME = "$(TARGET_NAME)";
				SWIFT_EMIT_LOC_STRINGS = NO;
				SWIFT_VERSION = 5.0;
				TARGETED_DEVICE_FAMILY = "1,2";
				TEST_TARGET_NAME = BidCast;
			};
			name = Release;
		};
/* End XCBuildConfiguration section */

/* Begin XCConfigurationList section */
		99BC2FBB2DC9DCCB00E1BEA6 /* Build configuration list for PBXProject "BidCast" */ = {
			isa = XCConfigurationList;
			buildConfigurations = (
				99BC2FEF2DC9DCD000E1BEA6 /* Debug */,
				99BC2FF02DC9DCD000E1BEA6 /* Release */,
			);
			defaultConfigurationIsVisible = 0;
			defaultConfigurationName = Release;
		};
		99BC2FEC2DC9DCD000E1BEA6 /* Build configuration list for PBXNativeTarget "BidCast" */ = {
			isa = XCConfigurationList;
			buildConfigurations = (
				99BC2FED2DC9DCD000E1BEA6 /* Debug */,
				99BC2FEE2DC9DCD000E1BEA6 /* Release */,
			);
			defaultConfigurationIsVisible = 0;
			defaultConfigurationName = Release;
		};
		99BC2FF12DC9DCD000E1BEA6 /* Build configuration list for PBXNativeTarget "BidCastTests" */ = {
			isa = XCConfigurationList;
			buildConfigurations = (
				99BC2FF22DC9DCD000E1BEA6 /* Debug */,
				99BC2FF32DC9DCD000E1BEA6 /* Release */,
			);
			defaultConfigurationIsVisible = 0;
			defaultConfigurationName = Release;
		};
		99BC2FF42DC9DCD000E1BEA6 /* Build configuration list for PBXNativeTarget "BidCastUITests" */ = {
			isa = XCConfigurationList;
			buildConfigurations = (
				99BC2FF52DC9DCD000E1BEA6 /* Debug */,
				99BC2FF62DC9DCD000E1BEA6 /* Release */,
			);
			defaultConfigurationIsVisible = 0;
			defaultConfigurationName = Release;
		};
/* End XCConfigurationList section */
	};
	rootObject = 99BC2FB82DC9DCCB00E1BEA6 /* Project object */;
}
